
Microsoft Visual Studio Solution File, Format Version 12.00
# Visual Studio Version 17
VisualStudioVersion = 17.8.34309.116
MinimumVisualStudioVersion = 10.0.40219.1
Project("{8BC9CEB8-8B4A-11D0-8D11-00A0C91BC942}") = "BackupManagerQt64", "BackupManagerQt64.vcxproj", "{5059B654-0DC6-4B90-92A3-35D3A085A497}"
EndProject
Global
	GlobalSection(SolutionConfigurationPlatforms) = preSolution
		Release|x64 = Release|x64
	EndGlobalSection
	GlobalSection(ProjectConfigurationPlatforms) = postSolution
		{5059B654-0DC6-4B90-92A3-35D3A085A497}.Release|x64.ActiveCfg = Release|x64
		{5059B654-0DC6-4B90-92A3-35D3A085A497}.Release|x64.Build.0 = Release|x64
	EndGlobalSection
	GlobalSection(SolutionProperties) = preSolution
		HideSolutionNode = FALSE
	EndGlobalSection
	GlobalSection(ExtensibilityGlobals) = postSolution
		SolutionGuid = {A607E366-E261-40A3-AEDA-7418BEE1AD3A}
	EndGlobalSection
EndGlobal
