<?xml version="1.0" encoding="utf-8"?>
<Project ToolsVersion="4.0" xmlns="http://schemas.microsoft.com/developer/msbuild/2003">
  <ItemGroup>
    <Filter Include="Source Files">
      <UniqueIdentifier>{4FC737F1-C7A5-4376-A066-2A32D752A2FF}</UniqueIdentifier>
      <Extensions>qml;cpp;c;cc;cxx;def;odl;idl;hpj;bat;asm;asmx</Extensions>
    </Filter>
    <Filter Include="Header Files">
      <UniqueIdentifier>{93995380-89BD-4b04-88EB-625FBE52EBFB}</UniqueIdentifier>
      <Extensions>h;hh;hpp;hxx;hm;inl;inc;xsd</Extensions>
    </Filter>
    <Filter Include="Resource Files">
      <UniqueIdentifier>{67DA6AB6-F800-4c08-8B7A-83BB121AAD01}</UniqueIdentifier>
      <Extensions>qrc;rc;ico;cur;bmp;dlg;rc2;rct;bin;rgs;gif;jpg;jpeg;jpe;resx;tiff;tif;png;wav;mfcribbon-ms</Extensions>
    </Filter>
    <Filter Include="Form Files">
      <UniqueIdentifier>{99349809-55BA-4b9d-BF79-8FDBB0286EB3}</UniqueIdentifier>
      <Extensions>ui</Extensions>
    </Filter>
    <Filter Include="Header Files\Utils">
      <UniqueIdentifier>{396a304d-4c46-4c04-9d79-84709d59d889}</UniqueIdentifier>
    </Filter>
    <Filter Include="Source Files\Utils">
      <UniqueIdentifier>{d182fd5f-a800-4ad1-8f39-5305468af662}</UniqueIdentifier>
    </Filter>
  </ItemGroup>
  <ItemGroup>
    <QtRcc Include="BackupManagerQt64.qrc">
      <Filter>Resource Files</Filter>
    </QtRcc>
    <None Include="BackupManagerQt64.ico">
      <Filter>Resource Files</Filter>
    </None>
    <ResourceCompile Include="BackupManagerQt64.rc">
      <Filter>Resource Files</Filter>
    </ResourceCompile>
  </ItemGroup>
  <ItemGroup>
    <ClCompile Include="BackupManager\BackupManagerQt.cpp">
      <Filter>Source Files</Filter>
    </ClCompile>
    <ClCompile Include="BKMWidget.cpp">
      <Filter>Source Files</Filter>
    </ClCompile>
    <ClCompile Include="main.cpp">
      <Filter>Source Files</Filter>
    </ClCompile>
    <ClCompile Include="SettingsDialog.cpp">
      <Filter>Source Files</Filter>
    </ClCompile>
    <ClCompile Include="AddBkDialog.cpp">
      <Filter>Source Files</Filter>
    </ClCompile>
    <ClCompile Include="SaveDialog.cpp">
      <Filter>Source Files</Filter>
    </ClCompile>
    <ClCompile Include="Logger.cpp">
      <Filter>Source Files\Utils</Filter>
    </ClCompile>
    <ClCompile Include="BackupManager\BackupConfig.cpp">
      <Filter>Source Files\Utils</Filter>
    </ClCompile>
    <ClCompile Include="ThreadPool.cpp">
      <Filter>Source Files\Utils</Filter>
    </ClCompile>
    <ClCompile Include="BackupManager\BackupProcess.cpp">
      <Filter>Source Files\Utils</Filter>
    </ClCompile>
    <ClCompile Include="CompressHandler.cpp">
      <Filter>Source Files\Utils</Filter>
    </ClCompile>
  </ItemGroup>
  <ItemGroup>
    <ClInclude Include="BackupManager\BackupManagerQt.h">
      <Filter>Header Files</Filter>
    </ClInclude>
    <ClInclude Include="StdStrTool.h">
      <Filter>Header Files\Utils</Filter>
    </ClInclude>
    <ClInclude Include="BackupManager\BackupConfig.h">
      <Filter>Header Files\Utils</Filter>
    </ClInclude>
    <ClInclude Include="ThreadPool.h">
      <Filter>Header Files\Utils</Filter>
    </ClInclude>
    <ClInclude Include="BackupManager\BackupProcess.h">
      <Filter>Header Files\Utils</Filter>
    </ClInclude>
    <ClInclude Include="VectorTool.h">
      <Filter>Header Files\Utils</Filter>
    </ClInclude>
    <ClInclude Include="QWidgetTool.h">
      <Filter>Header Files\Utils</Filter>
    </ClInclude>
    <ClInclude Include="CompressHandler.h">
      <Filter>Header Files\Utils</Filter>
    </ClInclude>
  </ItemGroup>
  <ItemGroup>
    <QtMoc Include="BKMWidget.h">
      <Filter>Header Files</Filter>
    </QtMoc>
    <QtMoc Include="AddBkDialog.h">
      <Filter>Header Files</Filter>
    </QtMoc>
    <QtMoc Include="SaveDialog.h">
      <Filter>Header Files</Filter>
    </QtMoc>
    <QtMoc Include="Logger.h">
      <Filter>Header Files\Utils</Filter>
    </QtMoc>
    <QtMoc Include="SettingsDialog.h">
      <Filter>Header Files</Filter>
    </QtMoc>
  </ItemGroup>
  <ItemGroup>
    <QtUic Include="SettingsDialog.ui">
      <Filter>Form Files</Filter>
    </QtUic>
    <QtUic Include="AddBkDialog.ui">
      <Filter>Form Files</Filter>
    </QtUic>
    <QtUic Include="BKMWidget.ui">
      <Filter>Form Files</Filter>
    </QtUic>
    <QtUic Include="SaveDialog.ui">
      <Filter>Form Files</Filter>
    </QtUic>
  </ItemGroup>
</Project>